{
  "name": "aws-lambda-middy-error-handler",
  "version": "1.0.0",
  "lockfileVersion": 2,
  "requires": true,
  "packages": {
    "": {
      "name": "aws-lambda-middy-error-handler",
      "version": "1.0.0",
      "license": "ISC",
      "dependencies": {
        "@middy/core": "^3.6.2",
        "@middy/http-error-handler": "^3.6.2",
        "@middy/http-event-normalizer": "^3.6.2",
        "@middy/http-json-body-parser": "^3.6.2"
      },
      "devDependencies": {
        "typescript": "^4.8.4"
      }
    },
    "node_modules/@middy/core": {
      "version": "3.6.2",
      "resolved": "https://registry.npmjs.org/@middy/core/-/core-3.6.2.tgz",
      "integrity": "sha512-/vyvG34RIt7CTmuB/jksGkk9vs6RCoOlRFPfdQq11dHkiKlT2mm8j/jZx7gSpEhXXh9LeaEMuKPnsgWBIlGS1g==",
      "engines": {
        "node": ">=14"
      }
    },
    "node_modules/@middy/http-error-handler": {
      "version": "3.6.2",
      "resolved": "https://registry.npmjs.org/@middy/http-error-handler/-/http-error-handler-3.6.2.tgz",
      "integrity": "sha512-2DeXNDdd56C2a7bsEqnvNZKI4un0FoIgXPpNvwyIfABDKTXwoQZptjlAoU+b4hv/T0kzSttdCkPowYobTKN61w==",
      "dependencies": {
        "@middy/util": "3.6.2"
      },
      "engines": {
        "node": ">=14"
      }
    },
    "node_modules/@middy/http-event-normalizer": {
      "version": "3.6.2",
      "resolved": "https://registry.npmjs.org/@middy/http-event-normalizer/-/http-event-normalizer-3.6.2.tgz",
      "integrity": "sha512-eXe5kXfUXej+SDZQwGmXacMUYpnu4H4evU346y0vDaBhOOZKZ5IC3usjdoEDFhbPB1M7Av7wfh6GUZ/rzl+OfA==",
      "engines": {
        "node": ">=14"
      }
    },
    "node_modules/@middy/http-json-body-parser": {
      "version": "3.6.2",
      "resolved": "https://registry.npmjs.org/@middy/http-json-body-parser/-/http-json-body-parser-3.6.2.tgz",
      "integrity": "sha512-vFvlVtR99zwnr9clQkS+D9PAwDcjH4owLpYZ3yAkNI3z40L4QMF/s+5KI5fUd5RvZgTakAeZ5Qf+1QwTrts+Gw==",
      "dependencies": {
        "@middy/util": "3.6.2"
      },
      "engines": {
        "node": ">=14"
      }
    },
    "node_modules/@middy/util": {
      "version": "3.6.2",
      "resolved": "https://registry.npmjs.org/@middy/util/-/util-3.6.2.tgz",
      "integrity": "sha512-zjyjF5BdSNnDlZbTvfQwwuUIs3H5PpN/R3wOAipXhaGD/SjpIUBcJJPLUQHySeHoZym1FC3MJYczJDbYQWKWdg==",
      "engines": {
        "node": ">=14"
      }
    },
    "node_modules/typescript": {
      "version": "4.8.4",
      "resolved": "https://registry.npmjs.org/typescript/-/typescript-4.8.4.tgz",
      "integrity": "sha512-QCh+85mCy+h0IGff8r5XWzOVSbBO+KfeYrMQh7NJ58QujwcE22u+NUSmUxqF+un70P9GXKxa2HCNiTTMJknyjQ==",
      "dev": true,
      "bin": {
        "tsc": "bin/tsc",
        "tsserver": "bin/tsserver"
      },
      "engines": {
        "node": ">=4.2.0"
      }
    }
  },
  "dependencies": {
    "@middy/core": {
      "version": "3.6.2",
      "resolved": "https://registry.npmjs.org/@middy/core/-/core-3.6.2.tgz",
      "integrity": "sha512-/vyvG34RIt7CTmuB/jksGkk9vs6RCoOlRFPfdQq11dHkiKlT2mm8j/jZx7gSpEhXXh9LeaEMuKPnsgWBIlGS1g=="
    },
    "@middy/http-error-handler": {
      "version": "3.6.2",
      "resolved": "https://registry.npmjs.org/@middy/http-error-handler/-/http-error-handler-3.6.2.tgz",
      "integrity": "sha512-2DeXNDdd56C2a7bsEqnvNZKI4un0FoIgXPpNvwyIfABDKTXwoQZptjlAoU+b4hv/T0kzSttdCkPowYobTKN61w==",
      "requires": {
        "@middy/util": "3.6.2"
      }
    },
    "@middy/http-event-normalizer": {
      "version": "3.6.2",
      "resolved": "https://registry.npmjs.org/@middy/http-event-normalizer/-/http-event-normalizer-3.6.2.tgz",
      "integrity": "sha512-eXe5kXfUXej+SDZQwGmXacMUYpnu4H4evU346y0vDaBhOOZKZ5IC3usjdoEDFhbPB1M7Av7wfh6GUZ/rzl+OfA=="
    },
    "@middy/http-json-body-parser": {
      "version": "3.6.2",
      "resolved": "https://registry.npmjs.org/@middy/http-json-body-parser/-/http-json-body-parser-3.6.2.tgz",
      "integrity": "sha512-vFvlVtR99zwnr9clQkS+D9PAwDcjH4owLpYZ3yAkNI3z40L4QMF/s+5KI5fUd5RvZgTakAeZ5Qf+1QwTrts+Gw==",
      "requires": {
        "@middy/util": "3.6.2"
      }
    },
    "@middy/util": {
      "version": "3.6.2",
      "resolved": "https://registry.npmjs.org/@middy/util/-/util-3.6.2.tgz",
      "integrity": "sha512-zjyjF5BdSNnDlZbTvfQwwuUIs3H5PpN/R3wOAipXhaGD/SjpIUBcJJPLUQHySeHoZym1FC3MJYczJDbYQWKWdg=="
    },
    "typescript": {
      "version": "4.8.4",
      "resolved": "https://registry.npmjs.org/typescript/-/typescript-4.8.4.tgz",
      "integrity": "sha512-QCh+85mCy+h0IGff8r5XWzOVSbBO+KfeYrMQh7NJ58QujwcE22u+NUSmUxqF+un70P9GXKxa2HCNiTTMJknyjQ==",
      "dev": true
    }
  }
}
